
Microsoft Visual Studio Solution File, Format Version 12.00
# Visual Studio Version 17
VisualStudioVersion = 17.13.35825.156 d17.13
MinimumVisualStudioVersion = 10.0.40219.1
Project("{FAE04EC0-301F-11D3-BF4B-00C04F79EFBC}") = "FlappyBirdGame", "FlappyBirdGame\FlappyBirdGame.csproj", "{C6160E8E-4DD2-48B6-A436-70B5E4FAFBF6}"
EndProject
Global
	GlobalSection(SolutionConfigurationPlatforms) = preSolution
		Debug|Any CPU = Debug|Any CPU
		Release|Any CPU = Release|Any CPU
	EndGlobalSection
	GlobalSection(ProjectConfigurationPlatforms) = postSolution
		{C6160E8E-4DD2-48B6-A436-70B5E4FAFBF6}.Debug|Any CPU.ActiveCfg = Debug|Any CPU
		{C6160E8E-4DD2-48B6-A436-70B5E4FAFBF6}.Debug|Any CPU.Build.0 = Debug|Any CPU
		{C6160E8E-4DD2-48B6-A436-70B5E4FAFBF6}.Release|Any CPU.ActiveCfg = Release|Any CPU
		{C6160E8E-4DD2-48B6-A436-70B5E4FAFBF6}.Release|Any CPU.Build.0 = Release|Any CPU
	EndGlobalSection
	GlobalSection(SolutionProperties) = preSolution
		HideSolutionNode = FALSE
	EndGlobalSection
	GlobalSection(ExtensibilityGlobals) = postSolution
		SolutionGuid = {E175D890-0623-4F4F-AFB2-FD7141B29844}
	EndGlobalSection
EndGlobal
